
Microsoft Visual Studio Solution File, Format Version 12.00
# Visual Studio Version 17
VisualStudioVersion = 17.9.34728.123
MinimumVisualStudioVersion = 10.0.40219.1
Project("{FAE04EC0-301F-11D3-BF4B-00C04F79EFBC}") = "jwt-net-demo", "jwt-net-demo\jwt-net-demo.csproj", "{09EE307F-5256-4D2D-8B71-13136DAE4874}"
EndProject
Global
	GlobalSection(SolutionConfigurationPlatforms) = preSolution
		Debug|Any CPU = Debug|Any CPU
		Release|Any CPU = Release|Any CPU
	EndGlobalSection
	GlobalSection(ProjectConfigurationPlatforms) = postSolution
		{09EE307F-5256-4D2D-8B71-13136DAE4874}.Debug|Any CPU.ActiveCfg = Debug|Any CPU
		{09EE307F-5256-4D2D-8B71-13136DAE4874}.Debug|Any CPU.Build.0 = Debug|Any CPU
		{09EE307F-5256-4D2D-8B71-13136DAE4874}.Release|Any CPU.ActiveCfg = Release|Any CPU
		{09EE307F-5256-4D2D-8B71-13136DAE4874}.Release|Any CPU.Build.0 = Release|Any CPU
	EndGlobalSection
	GlobalSection(SolutionProperties) = preSolution
		HideSolutionNode = FALSE
	EndGlobalSection
	GlobalSection(ExtensibilityGlobals) = postSolution
		SolutionGuid = {2A89F65D-743D-4FBD-9403-D7DAB2CA8296}
	EndGlobalSection
EndGlobal
